
Microsoft Visual Studio Solution File, Format Version 12.00
# Visual Studio 15
VisualStudioVersion = 15.0.26730.16
MinimumVisualStudioVersion = 10.0.40219.1
Project("{8BC9CEB8-8B4A-11D0-8D11-00A0C91BC942}") = "cw7", "cw7\cw7.vcxproj", "{42CB7A2A-84AA-4EB4-BE21-D765EDDC0E1A}"
EndProject
Project("{8BC9CEB8-8B4A-11D0-8D11-00A0C91BC942}") = "zad1", "zad1\zad1.vcxproj", "{C55D65DF-EB72-4DAE-BC61-C01397273727}"
EndProject
Project("{8BC9CEB8-8B4A-11D0-8D11-00A0C91BC942}") = "zad5", "zad5\zad5.vcxproj", "{2DC3FD32-D926-4417-99B0-923461ACAF40}"
EndProject
Project("{8BC9CEB8-8B4A-11D0-8D11-00A0C91BC942}") = "zad2", "zad2\zad2.vcxproj", "{E7A5D08F-DA31-4BD4-94DF-83249EAC918C}"
EndProject
Project("{8BC9CEB8-8B4A-11D0-8D11-00A0C91BC942}") = "zad3", "zad3\zad3.vcxproj", "{6A0BFA74-EA25-4362-BD7C-373BE9EDE6AA}"
EndProject
Project("{8BC9CEB8-8B4A-11D0-8D11-00A0C91BC942}") = "zad4", "zad4\zad4.vcxproj", "{3D4E8398-04C8-4C21-A10D-1A9D516099DC}"
EndProject
Project("{8BC9CEB8-8B4A-11D0-8D11-00A0C91BC942}") = "zad6", "zad6\zad6.vcxproj", "{11F447DE-7BAE-4EB1-8F4B-90312F5DDD81}"
EndProject
Project("{8BC9CEB8-8B4A-11D0-8D11-00A0C91BC942}") = "zad7", "zad7\zad7.vcxproj", "{1CDF6E11-80E7-4E37-9D5C-4D787FB110C0}"
EndProject
Project("{8BC9CEB8-8B4A-11D0-8D11-00A0C91BC942}") = "zad10", "zad10\zad10.vcxproj", "{4E157D7A-43E5-450C-99E1-EB837C395F55}"
EndProject
Global
	GlobalSection(SolutionConfigurationPlatforms) = preSolution
		Debug|x64 = Debug|x64
		Debug|x86 = Debug|x86
		Release|x64 = Release|x64
		Release|x86 = Release|x86
	EndGlobalSection
	GlobalSection(ProjectConfigurationPlatforms) = postSolution
		{42CB7A2A-84AA-4EB4-BE21-D765EDDC0E1A}.Debug|x64.ActiveCfg = Debug|x64
		{42CB7A2A-84AA-4EB4-BE21-D765EDDC0E1A}.Debug|x64.Build.0 = Debug|x64
		{42CB7A2A-84AA-4EB4-BE21-D765EDDC0E1A}.Debug|x86.ActiveCfg = Debug|Win32
		{42CB7A2A-84AA-4EB4-BE21-D765EDDC0E1A}.Debug|x86.Build.0 = Debug|Win32
		{42CB7A2A-84AA-4EB4-BE21-D765EDDC0E1A}.Release|x64.ActiveCfg = Release|x64
		{42CB7A2A-84AA-4EB4-BE21-D765EDDC0E1A}.Release|x64.Build.0 = Release|x64
		{42CB7A2A-84AA-4EB4-BE21-D765EDDC0E1A}.Release|x86.ActiveCfg = Release|Win32
		{42CB7A2A-84AA-4EB4-BE21-D765EDDC0E1A}.Release|x86.Build.0 = Release|Win32
		{C55D65DF-EB72-4DAE-BC61-C01397273727}.Debug|x64.ActiveCfg = Debug|x64
		{C55D65DF-EB72-4DAE-BC61-C01397273727}.Debug|x64.Build.0 = Debug|x64
		{C55D65DF-EB72-4DAE-BC61-C01397273727}.Debug|x86.ActiveCfg = Debug|Win32
		{C55D65DF-EB72-4DAE-BC61-C01397273727}.Debug|x86.Build.0 = Debug|Win32
		{C55D65DF-EB72-4DAE-BC61-C01397273727}.Release|x64.ActiveCfg = Release|x64
		{C55D65DF-EB72-4DAE-BC61-C01397273727}.Release|x64.Build.0 = Release|x64
		{C55D65DF-EB72-4DAE-BC61-C01397273727}.Release|x86.ActiveCfg = Release|Win32
		{C55D65DF-EB72-4DAE-BC61-C01397273727}.Release|x86.Build.0 = Release|Win32
		{2DC3FD32-D926-4417-99B0-923461ACAF40}.Debug|x64.ActiveCfg = Debug|x64
		{2DC3FD32-D926-4417-99B0-923461ACAF40}.Debug|x64.Build.0 = Debug|x64
		{2DC3FD32-D926-4417-99B0-923461ACAF40}.Debug|x86.ActiveCfg = Debug|Win32
		{2DC3FD32-D926-4417-99B0-923461ACAF40}.Debug|x86.Build.0 = Debug|Win32
		{2DC3FD32-D926-4417-99B0-923461ACAF40}.Release|x64.ActiveCfg = Release|x64
		{2DC3FD32-D926-4417-99B0-923461ACAF40}.Release|x64.Build.0 = Release|x64
		{2DC3FD32-D926-4417-99B0-923461ACAF40}.Release|x86.ActiveCfg = Release|Win32
		{2DC3FD32-D926-4417-99B0-923461ACAF40}.Release|x86.Build.0 = Release|Win32
		{E7A5D08F-DA31-4BD4-94DF-83249EAC918C}.Debug|x64.ActiveCfg = Debug|x64
		{E7A5D08F-DA31-4BD4-94DF-83249EAC918C}.Debug|x64.Build.0 = Debug|x64
		{E7A5D08F-DA31-4BD4-94DF-83249EAC918C}.Debug|x86.ActiveCfg = Debug|Win32
		{E7A5D08F-DA31-4BD4-94DF-83249EAC918C}.Debug|x86.Build.0 = Debug|Win32
		{E7A5D08F-DA31-4BD4-94DF-83249EAC918C}.Release|x64.ActiveCfg = Release|x64
		{E7A5D08F-DA31-4BD4-94DF-83249EAC918C}.Release|x64.Build.0 = Release|x64
		{E7A5D08F-DA31-4BD4-94DF-83249EAC918C}.Release|x86.ActiveCfg = Release|Win32
		{E7A5D08F-DA31-4BD4-94DF-83249EAC918C}.Release|x86.Build.0 = Release|Win32
		{6A0BFA74-EA25-4362-BD7C-373BE9EDE6AA}.Debug|x64.ActiveCfg = Debug|x64
		{6A0BFA74-EA25-4362-BD7C-373BE9EDE6AA}.Debug|x64.Build.0 = Debug|x64
		{6A0BFA74-EA25-4362-BD7C-373BE9EDE6AA}.Debug|x86.ActiveCfg = Debug|Win32
		{6A0BFA74-EA25-4362-BD7C-373BE9EDE6AA}.Debug|x86.Build.0 = Debug|Win32
		{6A0BFA74-EA25-4362-BD7C-373BE9EDE6AA}.Release|x64.ActiveCfg = Release|x64
		{6A0BFA74-EA25-4362-BD7C-373BE9EDE6AA}.Release|x64.Build.0 = Release|x64
		{6A0BFA74-EA25-4362-BD7C-373BE9EDE6AA}.Release|x86.ActiveCfg = Release|Win32
		{6A0BFA74-EA25-4362-BD7C-373BE9EDE6AA}.Release|x86.Build.0 = Release|Win32
		{3D4E8398-04C8-4C21-A10D-1A9D516099DC}.Debug|x64.ActiveCfg = Debug|x64
		{3D4E8398-04C8-4C21-A10D-1A9D516099DC}.Debug|x64.Build.0 = Debug|x64
		{3D4E8398-04C8-4C21-A10D-1A9D516099DC}.Debug|x86.ActiveCfg = Debug|Win32
		{3D4E8398-04C8-4C21-A10D-1A9D516099DC}.Debug|x86.Build.0 = Debug|Win32
		{3D4E8398-04C8-4C21-A10D-1A9D516099DC}.Release|x64.ActiveCfg = Release|x64
		{3D4E8398-04C8-4C21-A10D-1A9D516099DC}.Release|x64.Build.0 = Release|x64
		{3D4E8398-04C8-4C21-A10D-1A9D516099DC}.Release|x86.ActiveCfg = Release|Win32
		{3D4E8398-04C8-4C21-A10D-1A9D516099DC}.Release|x86.Build.0 = Release|Win32
		{11F447DE-7BAE-4EB1-8F4B-90312F5DDD81}.Debug|x64.ActiveCfg = Debug|x64
		{11F447DE-7BAE-4EB1-8F4B-90312F5DDD81}.Debug|x64.Build.0 = Debug|x64
		{11F447DE-7BAE-4EB1-8F4B-90312F5DDD81}.Debug|x86.ActiveCfg = Debug|Win32
		{11F447DE-7BAE-4EB1-8F4B-90312F5DDD81}.Debug|x86.Build.0 = Debug|Win32
		{11F447DE-7BAE-4EB1-8F4B-90312F5DDD81}.Release|x64.ActiveCfg = Release|x64
		{11F447DE-7BAE-4EB1-8F4B-90312F5DDD81}.Release|x64.Build.0 = Release|x64
		{11F447DE-7BAE-4EB1-8F4B-90312F5DDD81}.Release|x86.ActiveCfg = Release|Win32
		{11F447DE-7BAE-4EB1-8F4B-90312F5DDD81}.Release|x86.Build.0 = Release|Win32
		{1CDF6E11-80E7-4E37-9D5C-4D787FB110C0}.Debug|x64.ActiveCfg = Debug|x64
		{1CDF6E11-80E7-4E37-9D5C-4D787FB110C0}.Debug|x64.Build.0 = Debug|x64
		{1CDF6E11-80E7-4E37-9D5C-4D787FB110C0}.Debug|x86.ActiveCfg = Debug|Win32
		{1CDF6E11-80E7-4E37-9D5C-4D787FB110C0}.Debug|x86.Build.0 = Debug|Win32
		{1CDF6E11-80E7-4E37-9D5C-4D787FB110C0}.Release|x64.ActiveCfg = Release|x64
		{1CDF6E11-80E7-4E37-9D5C-4D787FB110C0}.Release|x64.Build.0 = Release|x64
		{1CDF6E11-80E7-4E37-9D5C-4D787FB110C0}.Release|x86.ActiveCfg = Release|Win32
		{1CDF6E11-80E7-4E37-9D5C-4D787FB110C0}.Release|x86.Build.0 = Release|Win32
		{4E157D7A-43E5-450C-99E1-EB837C395F55}.Debug|x64.ActiveCfg = Debug|x64
		{4E157D7A-43E5-450C-99E1-EB837C395F55}.Debug|x64.Build.0 = Debug|x64
		{4E157D7A-43E5-450C-99E1-EB837C395F55}.Debug|x86.ActiveCfg = Debug|Win32
		{4E157D7A-43E5-450C-99E1-EB837C395F55}.Debug|x86.Build.0 = Debug|Win32
		{4E157D7A-43E5-450C-99E1-EB837C395F55}.Release|x64.ActiveCfg = Release|x64
		{4E157D7A-43E5-450C-99E1-EB837C395F55}.Release|x64.Build.0 = Release|x64
		{4E157D7A-43E5-450C-99E1-EB837C395F55}.Release|x86.ActiveCfg = Release|Win32
		{4E157D7A-43E5-450C-99E1-EB837C395F55}.Release|x86.Build.0 = Release|Win32
	EndGlobalSection
	GlobalSection(SolutionProperties) = preSolution
		HideSolutionNode = FALSE
	EndGlobalSection
	GlobalSection(ExtensibilityGlobals) = postSolution
		SolutionGuid = {40DA2704-B1FE-48B0-B390-45951F0160A0}
	EndGlobalSection
EndGlobal
