
Microsoft Visual Studio Solution File, Format Version 12.00
# Visual Studio 15
VisualStudioVersion = 15.0.26730.16
MinimumVisualStudioVersion = 10.0.40219.1
Project("{8BC9CEB8-8B4A-11D0-8D11-00A0C91BC942}") = "labo4", "labo4\labo4.vcxproj", "{E8E75C7F-3038-4608-AE3A-C87E3E5CA723}"
EndProject
Project("{8BC9CEB8-8B4A-11D0-8D11-00A0C91BC942}") = "zad1", "zad1\zad1.vcxproj", "{BE367301-2184-4C28-AFE0-C278E6431E69}"
EndProject
Project("{8BC9CEB8-8B4A-11D0-8D11-00A0C91BC942}") = "zad2", "zad2\zad2.vcxproj", "{5F04348F-2742-43FC-8A91-459A9E23ED38}"
EndProject
Project("{8BC9CEB8-8B4A-11D0-8D11-00A0C91BC942}") = "zad3", "zad3\zad3.vcxproj", "{61CF5308-CB87-4095-A5F6-A8CCA1EE22FA}"
EndProject
Project("{8BC9CEB8-8B4A-11D0-8D11-00A0C91BC942}") = "zad4", "zad4\zad4.vcxproj", "{B8248C45-9451-4C53-B3F3-2C6E82217D72}"
EndProject
Project("{8BC9CEB8-8B4A-11D0-8D11-00A0C91BC942}") = "zad5", "zad5\zad5.vcxproj", "{DE2828DA-AD81-4626-ADE2-96AFAEF58C44}"
EndProject
Project("{8BC9CEB8-8B4A-11D0-8D11-00A0C91BC942}") = "zad6", "zad6\zad6.vcxproj", "{3FC07B34-B5A3-41A4-B2BC-BD466A69B276}"
EndProject
Project("{8BC9CEB8-8B4A-11D0-8D11-00A0C91BC942}") = "zad7", "zad7\zad7.vcxproj", "{553C8290-C3A1-4B55-A6D4-992FE3BEC45E}"
EndProject
Project("{8BC9CEB8-8B4A-11D0-8D11-00A0C91BC942}") = "zad8", "zad8\zad8.vcxproj", "{4C929BAF-4399-4787-ADD4-92782728626A}"
EndProject
Project("{8BC9CEB8-8B4A-11D0-8D11-00A0C91BC942}") = "zad9", "zad9\zad9.vcxproj", "{0A8BCDEC-EEB3-49B3-AEE0-0719E18A02A2}"
EndProject
Project("{8BC9CEB8-8B4A-11D0-8D11-00A0C91BC942}") = "zad10", "zad10\zad10.vcxproj", "{5FB69442-4C78-41D1-90C0-A290100C8E78}"
EndProject
Global
	GlobalSection(SolutionConfigurationPlatforms) = preSolution
		Debug|x64 = Debug|x64
		Debug|x86 = Debug|x86
		Release|x64 = Release|x64
		Release|x86 = Release|x86
	EndGlobalSection
	GlobalSection(ProjectConfigurationPlatforms) = postSolution
		{E8E75C7F-3038-4608-AE3A-C87E3E5CA723}.Debug|x64.ActiveCfg = Debug|x64
		{E8E75C7F-3038-4608-AE3A-C87E3E5CA723}.Debug|x64.Build.0 = Debug|x64
		{E8E75C7F-3038-4608-AE3A-C87E3E5CA723}.Debug|x86.ActiveCfg = Debug|Win32
		{E8E75C7F-3038-4608-AE3A-C87E3E5CA723}.Debug|x86.Build.0 = Debug|Win32
		{E8E75C7F-3038-4608-AE3A-C87E3E5CA723}.Release|x64.ActiveCfg = Release|x64
		{E8E75C7F-3038-4608-AE3A-C87E3E5CA723}.Release|x64.Build.0 = Release|x64
		{E8E75C7F-3038-4608-AE3A-C87E3E5CA723}.Release|x86.ActiveCfg = Release|Win32
		{E8E75C7F-3038-4608-AE3A-C87E3E5CA723}.Release|x86.Build.0 = Release|Win32
		{BE367301-2184-4C28-AFE0-C278E6431E69}.Debug|x64.ActiveCfg = Debug|x64
		{BE367301-2184-4C28-AFE0-C278E6431E69}.Debug|x64.Build.0 = Debug|x64
		{BE367301-2184-4C28-AFE0-C278E6431E69}.Debug|x86.ActiveCfg = Debug|Win32
		{BE367301-2184-4C28-AFE0-C278E6431E69}.Debug|x86.Build.0 = Debug|Win32
		{BE367301-2184-4C28-AFE0-C278E6431E69}.Release|x64.ActiveCfg = Release|x64
		{BE367301-2184-4C28-AFE0-C278E6431E69}.Release|x64.Build.0 = Release|x64
		{BE367301-2184-4C28-AFE0-C278E6431E69}.Release|x86.ActiveCfg = Release|Win32
		{BE367301-2184-4C28-AFE0-C278E6431E69}.Release|x86.Build.0 = Release|Win32
		{5F04348F-2742-43FC-8A91-459A9E23ED38}.Debug|x64.ActiveCfg = Debug|x64
		{5F04348F-2742-43FC-8A91-459A9E23ED38}.Debug|x64.Build.0 = Debug|x64
		{5F04348F-2742-43FC-8A91-459A9E23ED38}.Debug|x86.ActiveCfg = Debug|Win32
		{5F04348F-2742-43FC-8A91-459A9E23ED38}.Debug|x86.Build.0 = Debug|Win32
		{5F04348F-2742-43FC-8A91-459A9E23ED38}.Release|x64.ActiveCfg = Release|x64
		{5F04348F-2742-43FC-8A91-459A9E23ED38}.Release|x64.Build.0 = Release|x64
		{5F04348F-2742-43FC-8A91-459A9E23ED38}.Release|x86.ActiveCfg = Release|Win32
		{5F04348F-2742-43FC-8A91-459A9E23ED38}.Release|x86.Build.0 = Release|Win32
		{61CF5308-CB87-4095-A5F6-A8CCA1EE22FA}.Debug|x64.ActiveCfg = Debug|x64
		{61CF5308-CB87-4095-A5F6-A8CCA1EE22FA}.Debug|x64.Build.0 = Debug|x64
		{61CF5308-CB87-4095-A5F6-A8CCA1EE22FA}.Debug|x86.ActiveCfg = Debug|Win32
		{61CF5308-CB87-4095-A5F6-A8CCA1EE22FA}.Debug|x86.Build.0 = Debug|Win32
		{61CF5308-CB87-4095-A5F6-A8CCA1EE22FA}.Release|x64.ActiveCfg = Release|x64
		{61CF5308-CB87-4095-A5F6-A8CCA1EE22FA}.Release|x64.Build.0 = Release|x64
		{61CF5308-CB87-4095-A5F6-A8CCA1EE22FA}.Release|x86.ActiveCfg = Release|Win32
		{61CF5308-CB87-4095-A5F6-A8CCA1EE22FA}.Release|x86.Build.0 = Release|Win32
		{B8248C45-9451-4C53-B3F3-2C6E82217D72}.Debug|x64.ActiveCfg = Debug|x64
		{B8248C45-9451-4C53-B3F3-2C6E82217D72}.Debug|x64.Build.0 = Debug|x64
		{B8248C45-9451-4C53-B3F3-2C6E82217D72}.Debug|x86.ActiveCfg = Debug|Win32
		{B8248C45-9451-4C53-B3F3-2C6E82217D72}.Debug|x86.Build.0 = Debug|Win32
		{B8248C45-9451-4C53-B3F3-2C6E82217D72}.Release|x64.ActiveCfg = Release|x64
		{B8248C45-9451-4C53-B3F3-2C6E82217D72}.Release|x64.Build.0 = Release|x64
		{B8248C45-9451-4C53-B3F3-2C6E82217D72}.Release|x86.ActiveCfg = Release|Win32
		{B8248C45-9451-4C53-B3F3-2C6E82217D72}.Release|x86.Build.0 = Release|Win32
		{DE2828DA-AD81-4626-ADE2-96AFAEF58C44}.Debug|x64.ActiveCfg = Debug|x64
		{DE2828DA-AD81-4626-ADE2-96AFAEF58C44}.Debug|x64.Build.0 = Debug|x64
		{DE2828DA-AD81-4626-ADE2-96AFAEF58C44}.Debug|x86.ActiveCfg = Debug|Win32
		{DE2828DA-AD81-4626-ADE2-96AFAEF58C44}.Debug|x86.Build.0 = Debug|Win32
		{DE2828DA-AD81-4626-ADE2-96AFAEF58C44}.Release|x64.ActiveCfg = Release|x64
		{DE2828DA-AD81-4626-ADE2-96AFAEF58C44}.Release|x64.Build.0 = Release|x64
		{DE2828DA-AD81-4626-ADE2-96AFAEF58C44}.Release|x86.ActiveCfg = Release|Win32
		{DE2828DA-AD81-4626-ADE2-96AFAEF58C44}.Release|x86.Build.0 = Release|Win32
		{3FC07B34-B5A3-41A4-B2BC-BD466A69B276}.Debug|x64.ActiveCfg = Debug|x64
		{3FC07B34-B5A3-41A4-B2BC-BD466A69B276}.Debug|x64.Build.0 = Debug|x64
		{3FC07B34-B5A3-41A4-B2BC-BD466A69B276}.Debug|x86.ActiveCfg = Debug|Win32
		{3FC07B34-B5A3-41A4-B2BC-BD466A69B276}.Debug|x86.Build.0 = Debug|Win32
		{3FC07B34-B5A3-41A4-B2BC-BD466A69B276}.Release|x64.ActiveCfg = Release|x64
		{3FC07B34-B5A3-41A4-B2BC-BD466A69B276}.Release|x64.Build.0 = Release|x64
		{3FC07B34-B5A3-41A4-B2BC-BD466A69B276}.Release|x86.ActiveCfg = Release|Win32
		{3FC07B34-B5A3-41A4-B2BC-BD466A69B276}.Release|x86.Build.0 = Release|Win32
		{553C8290-C3A1-4B55-A6D4-992FE3BEC45E}.Debug|x64.ActiveCfg = Debug|x64
		{553C8290-C3A1-4B55-A6D4-992FE3BEC45E}.Debug|x64.Build.0 = Debug|x64
		{553C8290-C3A1-4B55-A6D4-992FE3BEC45E}.Debug|x86.ActiveCfg = Debug|Win32
		{553C8290-C3A1-4B55-A6D4-992FE3BEC45E}.Debug|x86.Build.0 = Debug|Win32
		{553C8290-C3A1-4B55-A6D4-992FE3BEC45E}.Release|x64.ActiveCfg = Release|x64
		{553C8290-C3A1-4B55-A6D4-992FE3BEC45E}.Release|x64.Build.0 = Release|x64
		{553C8290-C3A1-4B55-A6D4-992FE3BEC45E}.Release|x86.ActiveCfg = Release|Win32
		{553C8290-C3A1-4B55-A6D4-992FE3BEC45E}.Release|x86.Build.0 = Release|Win32
		{4C929BAF-4399-4787-ADD4-92782728626A}.Debug|x64.ActiveCfg = Debug|x64
		{4C929BAF-4399-4787-ADD4-92782728626A}.Debug|x64.Build.0 = Debug|x64
		{4C929BAF-4399-4787-ADD4-92782728626A}.Debug|x86.ActiveCfg = Debug|Win32
		{4C929BAF-4399-4787-ADD4-92782728626A}.Debug|x86.Build.0 = Debug|Win32
		{4C929BAF-4399-4787-ADD4-92782728626A}.Release|x64.ActiveCfg = Release|x64
		{4C929BAF-4399-4787-ADD4-92782728626A}.Release|x64.Build.0 = Release|x64
		{4C929BAF-4399-4787-ADD4-92782728626A}.Release|x86.ActiveCfg = Release|Win32
		{4C929BAF-4399-4787-ADD4-92782728626A}.Release|x86.Build.0 = Release|Win32
		{0A8BCDEC-EEB3-49B3-AEE0-0719E18A02A2}.Debug|x64.ActiveCfg = Debug|x64
		{0A8BCDEC-EEB3-49B3-AEE0-0719E18A02A2}.Debug|x64.Build.0 = Debug|x64
		{0A8BCDEC-EEB3-49B3-AEE0-0719E18A02A2}.Debug|x86.ActiveCfg = Debug|Win32
		{0A8BCDEC-EEB3-49B3-AEE0-0719E18A02A2}.Debug|x86.Build.0 = Debug|Win32
		{0A8BCDEC-EEB3-49B3-AEE0-0719E18A02A2}.Release|x64.ActiveCfg = Release|x64
		{0A8BCDEC-EEB3-49B3-AEE0-0719E18A02A2}.Release|x64.Build.0 = Release|x64
		{0A8BCDEC-EEB3-49B3-AEE0-0719E18A02A2}.Release|x86.ActiveCfg = Release|Win32
		{0A8BCDEC-EEB3-49B3-AEE0-0719E18A02A2}.Release|x86.Build.0 = Release|Win32
		{5FB69442-4C78-41D1-90C0-A290100C8E78}.Debug|x64.ActiveCfg = Debug|x64
		{5FB69442-4C78-41D1-90C0-A290100C8E78}.Debug|x64.Build.0 = Debug|x64
		{5FB69442-4C78-41D1-90C0-A290100C8E78}.Debug|x86.ActiveCfg = Debug|Win32
		{5FB69442-4C78-41D1-90C0-A290100C8E78}.Debug|x86.Build.0 = Debug|Win32
		{5FB69442-4C78-41D1-90C0-A290100C8E78}.Release|x64.ActiveCfg = Release|x64
		{5FB69442-4C78-41D1-90C0-A290100C8E78}.Release|x64.Build.0 = Release|x64
		{5FB69442-4C78-41D1-90C0-A290100C8E78}.Release|x86.ActiveCfg = Release|Win32
		{5FB69442-4C78-41D1-90C0-A290100C8E78}.Release|x86.Build.0 = Release|Win32
	EndGlobalSection
	GlobalSection(SolutionProperties) = preSolution
		HideSolutionNode = FALSE
	EndGlobalSection
	GlobalSection(ExtensibilityGlobals) = postSolution
		SolutionGuid = {C31C0F15-D6E0-4850-969B-0AE35914D68B}
	EndGlobalSection
EndGlobal
