
Microsoft Visual Studio Solution File, Format Version 12.00
# Visual Studio 15
VisualStudioVersion = 15.0.26730.16
MinimumVisualStudioVersion = 10.0.40219.1
Project("{8BC9CEB8-8B4A-11D0-8D11-00A0C91BC942}") = "cw7_zaj", "cw7_zaj\cw7_zaj.vcxproj", "{130211CC-7186-4E42-9CAC-8E9E1017B259}"
EndProject
Project("{8BC9CEB8-8B4A-11D0-8D11-00A0C91BC942}") = "zad5", "zad5\zad5.vcxproj", "{2B9A681F-5C7B-49E2-8D01-1E809412744B}"
EndProject
Project("{8BC9CEB8-8B4A-11D0-8D11-00A0C91BC942}") = "zad4", "zad4\zad4.vcxproj", "{B87CD12D-4BEB-4C5C-AC7C-26368E1615BB}"
EndProject
Project("{8BC9CEB8-8B4A-11D0-8D11-00A0C91BC942}") = "zad2", "zad2\zad2.vcxproj", "{4AEC5B3D-2397-4118-8C80-5F551B48C8F3}"
EndProject
Global
	GlobalSection(SolutionConfigurationPlatforms) = preSolution
		Debug|x64 = Debug|x64
		Debug|x86 = Debug|x86
		Release|x64 = Release|x64
		Release|x86 = Release|x86
	EndGlobalSection
	GlobalSection(ProjectConfigurationPlatforms) = postSolution
		{130211CC-7186-4E42-9CAC-8E9E1017B259}.Debug|x64.ActiveCfg = Debug|x64
		{130211CC-7186-4E42-9CAC-8E9E1017B259}.Debug|x64.Build.0 = Debug|x64
		{130211CC-7186-4E42-9CAC-8E9E1017B259}.Debug|x86.ActiveCfg = Debug|Win32
		{130211CC-7186-4E42-9CAC-8E9E1017B259}.Debug|x86.Build.0 = Debug|Win32
		{130211CC-7186-4E42-9CAC-8E9E1017B259}.Release|x64.ActiveCfg = Release|x64
		{130211CC-7186-4E42-9CAC-8E9E1017B259}.Release|x64.Build.0 = Release|x64
		{130211CC-7186-4E42-9CAC-8E9E1017B259}.Release|x86.ActiveCfg = Release|Win32
		{130211CC-7186-4E42-9CAC-8E9E1017B259}.Release|x86.Build.0 = Release|Win32
		{2B9A681F-5C7B-49E2-8D01-1E809412744B}.Debug|x64.ActiveCfg = Debug|x64
		{2B9A681F-5C7B-49E2-8D01-1E809412744B}.Debug|x64.Build.0 = Debug|x64
		{2B9A681F-5C7B-49E2-8D01-1E809412744B}.Debug|x86.ActiveCfg = Debug|Win32
		{2B9A681F-5C7B-49E2-8D01-1E809412744B}.Debug|x86.Build.0 = Debug|Win32
		{2B9A681F-5C7B-49E2-8D01-1E809412744B}.Release|x64.ActiveCfg = Release|x64
		{2B9A681F-5C7B-49E2-8D01-1E809412744B}.Release|x64.Build.0 = Release|x64
		{2B9A681F-5C7B-49E2-8D01-1E809412744B}.Release|x86.ActiveCfg = Release|Win32
		{2B9A681F-5C7B-49E2-8D01-1E809412744B}.Release|x86.Build.0 = Release|Win32
		{B87CD12D-4BEB-4C5C-AC7C-26368E1615BB}.Debug|x64.ActiveCfg = Debug|x64
		{B87CD12D-4BEB-4C5C-AC7C-26368E1615BB}.Debug|x64.Build.0 = Debug|x64
		{B87CD12D-4BEB-4C5C-AC7C-26368E1615BB}.Debug|x86.ActiveCfg = Debug|Win32
		{B87CD12D-4BEB-4C5C-AC7C-26368E1615BB}.Debug|x86.Build.0 = Debug|Win32
		{B87CD12D-4BEB-4C5C-AC7C-26368E1615BB}.Release|x64.ActiveCfg = Release|x64
		{B87CD12D-4BEB-4C5C-AC7C-26368E1615BB}.Release|x64.Build.0 = Release|x64
		{B87CD12D-4BEB-4C5C-AC7C-26368E1615BB}.Release|x86.ActiveCfg = Release|Win32
		{B87CD12D-4BEB-4C5C-AC7C-26368E1615BB}.Release|x86.Build.0 = Release|Win32
		{4AEC5B3D-2397-4118-8C80-5F551B48C8F3}.Debug|x64.ActiveCfg = Debug|x64
		{4AEC5B3D-2397-4118-8C80-5F551B48C8F3}.Debug|x64.Build.0 = Debug|x64
		{4AEC5B3D-2397-4118-8C80-5F551B48C8F3}.Debug|x86.ActiveCfg = Debug|Win32
		{4AEC5B3D-2397-4118-8C80-5F551B48C8F3}.Debug|x86.Build.0 = Debug|Win32
		{4AEC5B3D-2397-4118-8C80-5F551B48C8F3}.Release|x64.ActiveCfg = Release|x64
		{4AEC5B3D-2397-4118-8C80-5F551B48C8F3}.Release|x64.Build.0 = Release|x64
		{4AEC5B3D-2397-4118-8C80-5F551B48C8F3}.Release|x86.ActiveCfg = Release|Win32
		{4AEC5B3D-2397-4118-8C80-5F551B48C8F3}.Release|x86.Build.0 = Release|Win32
	EndGlobalSection
	GlobalSection(SolutionProperties) = preSolution
		HideSolutionNode = FALSE
	EndGlobalSection
	GlobalSection(ExtensibilityGlobals) = postSolution
		SolutionGuid = {36FC092C-9515-445A-8094-8A47FF29D5D7}
	EndGlobalSection
EndGlobal
