
Microsoft Visual Studio Solution File, Format Version 12.00
# Visual Studio 15
VisualStudioVersion = 15.0.26730.16
MinimumVisualStudioVersion = 10.0.40219.1
Project("{8BC9CEB8-8B4A-11D0-8D11-00A0C91BC942}") = "labo4_zaj", "labo4_zaj\labo4_zaj.vcxproj", "{43B08D97-4B9D-4500-AB18-B11AEB9547F0}"
EndProject
Project("{8BC9CEB8-8B4A-11D0-8D11-00A0C91BC942}") = "zad1", "zad1\zad1.vcxproj", "{3210B737-8686-4D66-B03F-80C38BB832F5}"
EndProject
Project("{8BC9CEB8-8B4A-11D0-8D11-00A0C91BC942}") = "zad5", "zad5\zad5.vcxproj", "{C1623EF5-DCAB-4D04-895A-A38C4B9EE02F}"
EndProject
Project("{8BC9CEB8-8B4A-11D0-8D11-00A0C91BC942}") = "zad6", "zad6\zad6.vcxproj", "{C022FA74-8BAA-4177-9BF1-E021C749AED9}"
EndProject
Global
	GlobalSection(SolutionConfigurationPlatforms) = preSolution
		Debug|x64 = Debug|x64
		Debug|x86 = Debug|x86
		Release|x64 = Release|x64
		Release|x86 = Release|x86
	EndGlobalSection
	GlobalSection(ProjectConfigurationPlatforms) = postSolution
		{43B08D97-4B9D-4500-AB18-B11AEB9547F0}.Debug|x64.ActiveCfg = Debug|x64
		{43B08D97-4B9D-4500-AB18-B11AEB9547F0}.Debug|x64.Build.0 = Debug|x64
		{43B08D97-4B9D-4500-AB18-B11AEB9547F0}.Debug|x86.ActiveCfg = Debug|Win32
		{43B08D97-4B9D-4500-AB18-B11AEB9547F0}.Debug|x86.Build.0 = Debug|Win32
		{43B08D97-4B9D-4500-AB18-B11AEB9547F0}.Release|x64.ActiveCfg = Release|x64
		{43B08D97-4B9D-4500-AB18-B11AEB9547F0}.Release|x64.Build.0 = Release|x64
		{43B08D97-4B9D-4500-AB18-B11AEB9547F0}.Release|x86.ActiveCfg = Release|Win32
		{43B08D97-4B9D-4500-AB18-B11AEB9547F0}.Release|x86.Build.0 = Release|Win32
		{3210B737-8686-4D66-B03F-80C38BB832F5}.Debug|x64.ActiveCfg = Debug|x64
		{3210B737-8686-4D66-B03F-80C38BB832F5}.Debug|x64.Build.0 = Debug|x64
		{3210B737-8686-4D66-B03F-80C38BB832F5}.Debug|x86.ActiveCfg = Debug|Win32
		{3210B737-8686-4D66-B03F-80C38BB832F5}.Debug|x86.Build.0 = Debug|Win32
		{3210B737-8686-4D66-B03F-80C38BB832F5}.Release|x64.ActiveCfg = Release|x64
		{3210B737-8686-4D66-B03F-80C38BB832F5}.Release|x64.Build.0 = Release|x64
		{3210B737-8686-4D66-B03F-80C38BB832F5}.Release|x86.ActiveCfg = Release|Win32
		{3210B737-8686-4D66-B03F-80C38BB832F5}.Release|x86.Build.0 = Release|Win32
		{C1623EF5-DCAB-4D04-895A-A38C4B9EE02F}.Debug|x64.ActiveCfg = Debug|x64
		{C1623EF5-DCAB-4D04-895A-A38C4B9EE02F}.Debug|x64.Build.0 = Debug|x64
		{C1623EF5-DCAB-4D04-895A-A38C4B9EE02F}.Debug|x86.ActiveCfg = Debug|Win32
		{C1623EF5-DCAB-4D04-895A-A38C4B9EE02F}.Debug|x86.Build.0 = Debug|Win32
		{C1623EF5-DCAB-4D04-895A-A38C4B9EE02F}.Release|x64.ActiveCfg = Release|x64
		{C1623EF5-DCAB-4D04-895A-A38C4B9EE02F}.Release|x64.Build.0 = Release|x64
		{C1623EF5-DCAB-4D04-895A-A38C4B9EE02F}.Release|x86.ActiveCfg = Release|Win32
		{C1623EF5-DCAB-4D04-895A-A38C4B9EE02F}.Release|x86.Build.0 = Release|Win32
		{C022FA74-8BAA-4177-9BF1-E021C749AED9}.Debug|x64.ActiveCfg = Debug|x64
		{C022FA74-8BAA-4177-9BF1-E021C749AED9}.Debug|x64.Build.0 = Debug|x64
		{C022FA74-8BAA-4177-9BF1-E021C749AED9}.Debug|x86.ActiveCfg = Debug|Win32
		{C022FA74-8BAA-4177-9BF1-E021C749AED9}.Debug|x86.Build.0 = Debug|Win32
		{C022FA74-8BAA-4177-9BF1-E021C749AED9}.Release|x64.ActiveCfg = Release|x64
		{C022FA74-8BAA-4177-9BF1-E021C749AED9}.Release|x64.Build.0 = Release|x64
		{C022FA74-8BAA-4177-9BF1-E021C749AED9}.Release|x86.ActiveCfg = Release|Win32
		{C022FA74-8BAA-4177-9BF1-E021C749AED9}.Release|x86.Build.0 = Release|Win32
	EndGlobalSection
	GlobalSection(SolutionProperties) = preSolution
		HideSolutionNode = FALSE
	EndGlobalSection
	GlobalSection(ExtensibilityGlobals) = postSolution
		SolutionGuid = {FDE6817C-F107-4FDC-8852-E63C887DB9C9}
	EndGlobalSection
EndGlobal
