
Microsoft Visual Studio Solution File, Format Version 12.00
# Visual Studio 15
VisualStudioVersion = 15.0.27004.2009
MinimumVisualStudioVersion = 10.0.40219.1
Project("{8BC9CEB8-8B4A-11D0-8D11-00A0C91BC942}") = "cw10_zaj", "cw10_zaj\cw10_zaj.vcxproj", "{1D108380-1627-4894-868A-2FCF6F290227}"
EndProject
Project("{8BC9CEB8-8B4A-11D0-8D11-00A0C91BC942}") = "zad2", "zad2\zad2.vcxproj", "{0BE94FFC-BB9A-4EA9-9CB7-293132AFEB2F}"
EndProject
Project("{8BC9CEB8-8B4A-11D0-8D11-00A0C91BC942}") = "zad12", "zad12\zad12.vcxproj", "{BEAC8B56-BE38-4370-839E-7B9751063051}"
EndProject
Global
	GlobalSection(SolutionConfigurationPlatforms) = preSolution
		Debug|x64 = Debug|x64
		Debug|x86 = Debug|x86
		Release|x64 = Release|x64
		Release|x86 = Release|x86
	EndGlobalSection
	GlobalSection(ProjectConfigurationPlatforms) = postSolution
		{1D108380-1627-4894-868A-2FCF6F290227}.Debug|x64.ActiveCfg = Debug|x64
		{1D108380-1627-4894-868A-2FCF6F290227}.Debug|x64.Build.0 = Debug|x64
		{1D108380-1627-4894-868A-2FCF6F290227}.Debug|x86.ActiveCfg = Debug|Win32
		{1D108380-1627-4894-868A-2FCF6F290227}.Debug|x86.Build.0 = Debug|Win32
		{1D108380-1627-4894-868A-2FCF6F290227}.Release|x64.ActiveCfg = Release|x64
		{1D108380-1627-4894-868A-2FCF6F290227}.Release|x64.Build.0 = Release|x64
		{1D108380-1627-4894-868A-2FCF6F290227}.Release|x86.ActiveCfg = Release|Win32
		{1D108380-1627-4894-868A-2FCF6F290227}.Release|x86.Build.0 = Release|Win32
		{0BE94FFC-BB9A-4EA9-9CB7-293132AFEB2F}.Debug|x64.ActiveCfg = Debug|x64
		{0BE94FFC-BB9A-4EA9-9CB7-293132AFEB2F}.Debug|x64.Build.0 = Debug|x64
		{0BE94FFC-BB9A-4EA9-9CB7-293132AFEB2F}.Debug|x86.ActiveCfg = Debug|Win32
		{0BE94FFC-BB9A-4EA9-9CB7-293132AFEB2F}.Debug|x86.Build.0 = Debug|Win32
		{0BE94FFC-BB9A-4EA9-9CB7-293132AFEB2F}.Release|x64.ActiveCfg = Release|x64
		{0BE94FFC-BB9A-4EA9-9CB7-293132AFEB2F}.Release|x64.Build.0 = Release|x64
		{0BE94FFC-BB9A-4EA9-9CB7-293132AFEB2F}.Release|x86.ActiveCfg = Release|Win32
		{0BE94FFC-BB9A-4EA9-9CB7-293132AFEB2F}.Release|x86.Build.0 = Release|Win32
		{BEAC8B56-BE38-4370-839E-7B9751063051}.Debug|x64.ActiveCfg = Debug|x64
		{BEAC8B56-BE38-4370-839E-7B9751063051}.Debug|x64.Build.0 = Debug|x64
		{BEAC8B56-BE38-4370-839E-7B9751063051}.Debug|x86.ActiveCfg = Debug|Win32
		{BEAC8B56-BE38-4370-839E-7B9751063051}.Debug|x86.Build.0 = Debug|Win32
		{BEAC8B56-BE38-4370-839E-7B9751063051}.Release|x64.ActiveCfg = Release|x64
		{BEAC8B56-BE38-4370-839E-7B9751063051}.Release|x64.Build.0 = Release|x64
		{BEAC8B56-BE38-4370-839E-7B9751063051}.Release|x86.ActiveCfg = Release|Win32
		{BEAC8B56-BE38-4370-839E-7B9751063051}.Release|x86.Build.0 = Release|Win32
	EndGlobalSection
	GlobalSection(SolutionProperties) = preSolution
		HideSolutionNode = FALSE
	EndGlobalSection
	GlobalSection(ExtensibilityGlobals) = postSolution
		SolutionGuid = {7FC39908-A230-49BB-A9DB-3B2EC8DD346D}
	EndGlobalSection
EndGlobal
