
Microsoft Visual Studio Solution File, Format Version 12.00
# Visual Studio 15
VisualStudioVersion = 15.0.26730.16
MinimumVisualStudioVersion = 10.0.40219.1
Project("{8BC9CEB8-8B4A-11D0-8D11-00A0C91BC942}") = "labo3", "labo3\labo3.vcxproj", "{57F62339-3CD5-4B4A-BEA6-840A98A883B3}"
EndProject
Project("{8BC9CEB8-8B4A-11D0-8D11-00A0C91BC942}") = "zad1", "zad1\zad1.vcxproj", "{D8E6331A-D9C5-48D2-BABA-73D7DD301295}"
EndProject
Global
	GlobalSection(SolutionConfigurationPlatforms) = preSolution
		Debug|x64 = Debug|x64
		Debug|x86 = Debug|x86
		Release|x64 = Release|x64
		Release|x86 = Release|x86
	EndGlobalSection
	GlobalSection(ProjectConfigurationPlatforms) = postSolution
		{57F62339-3CD5-4B4A-BEA6-840A98A883B3}.Debug|x64.ActiveCfg = Debug|x64
		{57F62339-3CD5-4B4A-BEA6-840A98A883B3}.Debug|x64.Build.0 = Debug|x64
		{57F62339-3CD5-4B4A-BEA6-840A98A883B3}.Debug|x86.ActiveCfg = Debug|Win32
		{57F62339-3CD5-4B4A-BEA6-840A98A883B3}.Debug|x86.Build.0 = Debug|Win32
		{57F62339-3CD5-4B4A-BEA6-840A98A883B3}.Release|x64.ActiveCfg = Release|x64
		{57F62339-3CD5-4B4A-BEA6-840A98A883B3}.Release|x64.Build.0 = Release|x64
		{57F62339-3CD5-4B4A-BEA6-840A98A883B3}.Release|x86.ActiveCfg = Release|Win32
		{57F62339-3CD5-4B4A-BEA6-840A98A883B3}.Release|x86.Build.0 = Release|Win32
		{D8E6331A-D9C5-48D2-BABA-73D7DD301295}.Debug|x64.ActiveCfg = Debug|x64
		{D8E6331A-D9C5-48D2-BABA-73D7DD301295}.Debug|x64.Build.0 = Debug|x64
		{D8E6331A-D9C5-48D2-BABA-73D7DD301295}.Debug|x86.ActiveCfg = Debug|Win32
		{D8E6331A-D9C5-48D2-BABA-73D7DD301295}.Debug|x86.Build.0 = Debug|Win32
		{D8E6331A-D9C5-48D2-BABA-73D7DD301295}.Release|x64.ActiveCfg = Release|x64
		{D8E6331A-D9C5-48D2-BABA-73D7DD301295}.Release|x64.Build.0 = Release|x64
		{D8E6331A-D9C5-48D2-BABA-73D7DD301295}.Release|x86.ActiveCfg = Release|Win32
		{D8E6331A-D9C5-48D2-BABA-73D7DD301295}.Release|x86.Build.0 = Release|Win32
	EndGlobalSection
	GlobalSection(SolutionProperties) = preSolution
		HideSolutionNode = FALSE
	EndGlobalSection
	GlobalSection(ExtensibilityGlobals) = postSolution
		SolutionGuid = {359E39AA-A5FA-4621-92FA-C381F9C7A28C}
	EndGlobalSection
EndGlobal
